<Solution>
  <Folder Name="/src/">
    <Project Path="src/Aspire.Hosting.MongoDbAtlasLocal/Aspire.Hosting.MongoDbAtlasLocal.csproj" />
  </Folder>
  <Folder Name="/tests/">
    <Project Path="tests/Aspire.Hosting.MongoDbAtlasLocal.Tests/Aspire.Hosting.MongoDbAtlasLocal.Tests.csproj" />
  </Folder>
</Solution>
